// !$*UTF8*$!
{
	archiveVersion = 1;
	classes = {
	};
	objectVersion = 51;
	objects = {

/* Begin PBXBuildFile section */
		4D1263EC260A2DFB00A8F0E2 /* PaymentController.swift in Sources */ = {isa = PBXBuildFile; fileRef = 4D1263EB260A2DFB00A8F0E2 /* PaymentController.swift */; };
		4D9C8F7A2608F85000098C9B /* Payments.swift in Sources */ = {isa = PBXBuildFile; fileRef = 4D9C8F792608F85000098C9B /* Payments.swift */; };
		4DB096B4260B5FE4006D1EE2 /* ScratchCard.swift in Sources */ = {isa = PBXBuildFile; fileRef = 4DB096B3260B5FE4006D1EE2 /* ScratchCard.swift */; };
		4DF3877226032CEC00040696 /* AppDelegate.swift in Sources */ = {isa = PBXBuildFile; fileRef = 4DF3877126032CEC00040696 /* AppDelegate.swift */; };
		4DF3877426032CEC00040696 /* SceneDelegate.swift in Sources */ = {isa = PBXBuildFile; fileRef = 4DF3877326032CEC00040696 /* SceneDelegate.swift */; };
		4DF3877626032CEC00040696 /* ContentView.swift in Sources */ = {isa = PBXBuildFile; fileRef = 4DF3877526032CEC00040696 /* ContentView.swift */; };
		4DF3877826032CF300040696 /* Assets.xcassets in Resources */ = {isa = PBXBuildFile; fileRef = 4DF3877726032CF300040696 /* Assets.xcassets */; };
		4DF3877B26032CF300040696 /* Preview Assets.xcassets in Resources */ = {isa = PBXBuildFile; fileRef = 4DF3877A26032CF300040696 /* Preview Assets.xcassets */; };
		4DF3877E26032CF300040696 /* LaunchScreen.storyboard in Resources */ = {isa = PBXBuildFile; fileRef = 4DF3877C26032CF300040696 /* LaunchScreen.storyboard */; };
		4DF3879426032F6900040696 /* GoogleService-Info.plist in Resources */ = {isa = PBXBuildFile; fileRef = 4DF3879326032F6800040696 /* GoogleService-Info.plist */; };
		D3C4EC3664E001E691B52515 /* Pods_Face_Book_login.framework in Frameworks */ = {isa = PBXBuildFile; fileRef = ED6051DEA9DEB8335C7CAA15 /* Pods_Face_Book_login.framework */; };
/* End PBXBuildFile section */

/* Begin PBXFileReference section */
		10222D27322BFD44571E64DE /* Pods-Face Book login.release.xcconfig */ = {isa = PBXFileReference; includeInIndex = 1; lastKnownFileType = text.xcconfig; name = "Pods-Face Book login.release.xcconfig"; path = "Target Support Files/Pods-Face Book login/Pods-Face Book login.release.xcconfig"; sourceTree = "<group>"; };
		4D1263EB260A2DFB00A8F0E2 /* PaymentController.swift */ = {isa = PBXFileReference; lastKnownFileType = sourcecode.swift; path = PaymentController.swift; sourceTree = "<group>"; };
		4D9C8F792608F85000098C9B /* Payments.swift */ = {isa = PBXFileReference; lastKnownFileType = sourcecode.swift; path = Payments.swift; sourceTree = "<group>"; };
		4DB096B3260B5FE4006D1EE2 /* ScratchCard.swift */ = {isa = PBXFileReference; lastKnownFileType = sourcecode.swift; path = ScratchCard.swift; sourceTree = "<group>"; };
		4DF3876E26032CEC00040696 /* Face Book login.app */ = {isa = PBXFileReference; explicitFileType = wrapper.application; includeInIndex = 0; path = "Face Book login.app"; sourceTree = BUILT_PRODUCTS_DIR; };
		4DF3877126032CEC00040696 /* AppDelegate.swift */ = {isa = PBXFileReference; lastKnownFileType = sourcecode.swift; path = AppDelegate.swift; sourceTree = "<group>"; };
		4DF3877326032CEC00040696 /* SceneDelegate.swift */ = {isa = PBXFileReference; lastKnownFileType = sourcecode.swift; path = SceneDelegate.swift; sourceTree = "<group>"; };
		4DF3877526032CEC00040696 /* ContentView.swift */ = {isa = PBXFileReference; lastKnownFileType = sourcecode.swift; path = ContentView.swift; sourceTree = "<group>"; };
		4DF3877726032CF300040696 /* Assets.xcassets */ = {isa = PBXFileReference; lastKnownFileType = folder.assetcatalog; path = Assets.xcassets; sourceTree = "<group>"; };
		4DF3877A26032CF300040696 /* Preview Assets.xcassets */ = {isa = PBXFileReference; lastKnownFileType = folder.assetcatalog; path = "Preview Assets.xcassets"; sourceTree = "<group>"; };
		4DF3877D26032CF300040696 /* Base */ = {isa = PBXFileReference; lastKnownFileType = file.storyboard; name = Base; path = Base.lproj/LaunchScreen.storyboard; sourceTree = "<group>"; };
		4DF3877F26032CF300040696 /* Info.plist */ = {isa = PBXFileReference; lastKnownFileType = text.plist.xml; path = Info.plist; sourceTree = "<group>"; };
		4DF3879326032F6800040696 /* GoogleService-Info.plist */ = {isa = PBXFileReference; fileEncoding = 4; lastKnownFileType = text.plist.xml; path = "GoogleService-Info.plist"; sourceTree = "<group>"; };
		9E67501681411BFDFA0E582C /* Pods-Face Book login.debug.xcconfig */ = {isa = PBXFileReference; includeInIndex = 1; lastKnownFileType = text.xcconfig; name = "Pods-Face Book login.debug.xcconfig"; path = "Target Support Files/Pods-Face Book login/Pods-Face Book login.debug.xcconfig"; sourceTree = "<group>"; };
		ED6051DEA9DEB8335C7CAA15 /* Pods_Face_Book_login.framework */ = {isa = PBXFileReference; explicitFileType = wrapper.framework; includeInIndex = 0; path = Pods_Face_Book_login.framework; sourceTree = BUILT_PRODUCTS_DIR; };
/* End PBXFileReference section */

/* Begin PBXFrameworksBuildPhase section */
		4DF3876B26032CEC00040696 /* Frameworks */ = {
			isa = PBXFrameworksBuildPhase;
			buildActionMask = 2147483647;
			files = (
				D3C4EC3664E001E691B52515 /* Pods_Face_Book_login.framework in Frameworks */,
			);
			runOnlyForDeploymentPostprocessing = 0;
		};
/* End PBXFrameworksBuildPhase section */

/* Begin PBXGroup section */
		4D9C8F772608F80600098C9B /* payemnts */ = {
			isa = PBXGroup;
			children = (
				4D9C8F792608F85000098C9B /* Payments.swift */,
				4D1263EB260A2DFB00A8F0E2 /* PaymentController.swift */,
			);
			path = payemnts;
			sourceTree = "<group>";
		};
		4DB096B2260B5FA3006D1EE2 /* Scratch Card */ = {
			isa = PBXGroup;
			children = (
				4DB096B3260B5FE4006D1EE2 /* ScratchCard.swift */,
			);
			path = "Scratch Card";
			sourceTree = "<group>";
		};
		4DF3876526032CEC00040696 = {
			isa = PBXGroup;
			children = (
				4DF3877026032CEC00040696 /* Face Book login */,
				4DF3876F26032CEC00040696 /* Products */,
				6809000764AC57AD4B480059 /* Pods */,
				65197E7900DE5B895F7D4396 /* Frameworks */,
			);
			sourceTree = "<group>";
		};
		4DF3876F26032CEC00040696 /* Products */ = {
			isa = PBXGroup;
			children = (
				4DF3876E26032CEC00040696 /* Face Book login.app */,
			);
			name = Products;
			sourceTree = "<group>";
		};
		4DF3877026032CEC00040696 /* Face Book login */ = {
			isa = PBXGroup;
			children = (
				4DF3879326032F6800040696 /* GoogleService-Info.plist */,
				4DF3877126032CEC00040696 /* AppDelegate.swift */,
				4DF3877326032CEC00040696 /* SceneDelegate.swift */,
				4DF3877526032CEC00040696 /* ContentView.swift */,
				4D9C8F772608F80600098C9B /* payemnts */,
				4DB096B2260B5FA3006D1EE2 /* Scratch Card */,
				4DF3877726032CF300040696 /* Assets.xcassets */,
				4DF3877C26032CF300040696 /* LaunchScreen.storyboard */,
				4DF3877F26032CF300040696 /* Info.plist */,
				4DF3877926032CF300040696 /* Preview Content */,
			);
			path = "Face Book login";
			sourceTree = "<group>";
		};
		4DF3877926032CF300040696 /* Preview Content */ = {
			isa = PBXGroup;
			children = (
				4DF3877A26032CF300040696 /* Preview Assets.xcassets */,
			);
			path = "Preview Content";
			sourceTree = "<group>";
		};
		65197E7900DE5B895F7D4396 /* Frameworks */ = {
			isa = PBXGroup;
			children = (
				ED6051DEA9DEB8335C7CAA15 /* Pods_Face_Book_login.framework */,
			);
			name = Frameworks;
			sourceTree = "<group>";
		};
		6809000764AC57AD4B480059 /* Pods */ = {
			isa = PBXGroup;
			children = (
				9E67501681411BFDFA0E582C /* Pods-Face Book login.debug.xcconfig */,
				10222D27322BFD44571E64DE /* Pods-Face Book login.release.xcconfig */,
			);
			path = Pods;
			sourceTree = "<group>";
		};
/* End PBXGroup section */

/* Begin PBXNativeTarget section */
		4DF3876D26032CEC00040696 /* Face Book login */ = {
			isa = PBXNativeTarget;
			buildConfigurationList = 4DF3878226032CF300040696 /* Build configuration list for PBXNativeTarget "Face Book login" */;
			buildPhases = (
				FE8700F39890D265B1F81E30 /* [CP] Check Pods Manifest.lock */,
				4DF3876A26032CEC00040696 /* Sources */,
				4DF3876B26032CEC00040696 /* Frameworks */,
				4DF3876C26032CEC00040696 /* Resources */,
				3C6C5D8F20F01AB0BE2585C1 /* [CP] Embed Pods Frameworks */,
			);
			buildRules = (
			);
			dependencies = (
			);
			name = "Face Book login";
			productName = "Face Book login";
			productReference = 4DF3876E26032CEC00040696 /* Face Book login.app */;
			productType = "com.apple.product-type.application";
		};
/* End PBXNativeTarget section */

/* Begin PBXProject section */
		4DF3876626032CEC00040696 /* Project object */ = {
			isa = PBXProject;
			attributes = {
				LastSwiftUpdateCheck = 1240;
				LastUpgradeCheck = 1240;
				TargetAttributes = {
					4DF3876D26032CEC00040696 = {
						CreatedOnToolsVersion = 12.4;
					};
				};
			};
			buildConfigurationList = 4DF3876926032CEC00040696 /* Build configuration list for PBXProject "Face Book login" */;
			compatibilityVersion = "Xcode 9.3";
			developmentRegion = en;
			hasScannedForEncodings = 0;
			knownRegions = (
				en,
				Base,
			);
			mainGroup = 4DF3876526032CEC00040696;
			productRefGroup = 4DF3876F26032CEC00040696 /* Products */;
			projectDirPath = "";
			projectRoot = "";
			targets = (
				4DF3876D26032CEC00040696 /* Face Book login */,
			);
		};
/* End PBXProject section */

/* Begin PBXResourcesBuildPhase section */
		4DF3876C26032CEC00040696 /* Resources */ = {
			isa = PBXResourcesBuildPhase;
			buildActionMask = 2147483647;
			files = (
				4DF3877E26032CF300040696 /* LaunchScreen.storyboard in Resources */,
				4DF3879426032F6900040696 /* GoogleService-Info.plist in Resources */,
				4DF3877B26032CF300040696 /* Preview Assets.xcassets in Resources */,
				4DF3877826032CF300040696 /* Assets.xcassets in Resources */,
			);
			runOnlyForDeploymentPostprocessing = 0;
		};
/* End PBXResourcesBuildPhase section */

/* Begin PBXShellScriptBuildPhase section */
		3C6C5D8F20F01AB0BE2585C1 /* [CP] Embed Pods Frameworks */ = {
			isa = PBXShellScriptBuildPhase;
			buildActionMask = 2147483647;
			files = (
			);
			inputFileListPaths = (
				"${PODS_ROOT}/Target Support Files/Pods-Face Book login/Pods-Face Book login-frameworks-${CONFIGURATION}-input-files.xcfilelist",
			);
			name = "[CP] Embed Pods Frameworks";
			outputFileListPaths = (
				"${PODS_ROOT}/Target Support Files/Pods-Face Book login/Pods-Face Book login-frameworks-${CONFIGURATION}-output-files.xcfilelist",
			);
			runOnlyForDeploymentPostprocessing = 0;
			shellPath = /bin/sh;
			shellScript = "\"${PODS_ROOT}/Target Support Files/Pods-Face Book login/Pods-Face Book login-frameworks.sh\"\n";
			showEnvVarsInLog = 0;
		};
		FE8700F39890D265B1F81E30 /* [CP] Check Pods Manifest.lock */ = {
			isa = PBXShellScriptBuildPhase;
			buildActionMask = 2147483647;
			files = (
			);
			inputFileListPaths = (
			);
			inputPaths = (
				"${PODS_PODFILE_DIR_PATH}/Podfile.lock",
				"${PODS_ROOT}/Manifest.lock",
			);
			name = "[CP] Check Pods Manifest.lock";
			outputFileListPaths = (
			);
			outputPaths = (
				"$(DERIVED_FILE_DIR)/Pods-Face Book login-checkManifestLockResult.txt",
			);
			runOnlyForDeploymentPostprocessing = 0;
			shellPath = /bin/sh;
			shellScript = "diff \"${PODS_PODFILE_DIR_PATH}/Podfile.lock\" \"${PODS_ROOT}/Manifest.lock\" > /dev/null\nif [ $? != 0 ] ; then\n    # print error to STDERR\n    echo \"error: The sandbox is not in sync with the Podfile.lock. Run 'pod install' or update your CocoaPods installation.\" >&2\n    exit 1\nfi\n# This output is used by Xcode 'outputs' to avoid re-running this script phase.\necho \"SUCCESS\" > \"${SCRIPT_OUTPUT_FILE_0}\"\n";
			showEnvVarsInLog = 0;
		};
/* End PBXShellScriptBuildPhase section */

/* Begin PBXSourcesBuildPhase section */
		4DF3876A26032CEC00040696 /* Sources */ = {
			isa = PBXSourcesBuildPhase;
			buildActionMask = 2147483647;
			files = (
				4DB096B4260B5FE4006D1EE2 /* ScratchCard.swift in Sources */,
				4D1263EC260A2DFB00A8F0E2 /* PaymentController.swift in Sources */,
				4DF3877226032CEC00040696 /* AppDelegate.swift in Sources */,
				4DF3877426032CEC00040696 /* SceneDelegate.swift in Sources */,
				4D9C8F7A2608F85000098C9B /* Payments.swift in Sources */,
				4DF3877626032CEC00040696 /* ContentView.swift in Sources */,
			);
			runOnlyForDeploymentPostprocessing = 0;
		};
/* End PBXSourcesBuildPhase section */

/* Begin PBXVariantGroup section */
		4DF3877C26032CF300040696 /* LaunchScreen.storyboard */ = {
			isa = PBXVariantGroup;
			children = (
				4DF3877D26032CF300040696 /* Base */,
			);
			name = LaunchScreen.storyboard;
			sourceTree = "<group>";
		};
/* End PBXVariantGroup section */

/* Begin XCBuildConfiguration section */
		4DF3878026032CF300040696 /* Debug */ = {
			isa = XCBuildConfiguration;
			buildSettings = {
				ALWAYS_SEARCH_USER_PATHS = NO;
				CLANG_ANALYZER_NONNULL = YES;
				CLANG_ANALYZER_NUMBER_OBJECT_CONVERSION = YES_AGGRESSIVE;
				CLANG_CXX_LANGUAGE_STANDARD = "gnu++14";
				CLANG_CXX_LIBRARY = "libc++";
				CLANG_ENABLE_MODULES = YES;
				CLANG_ENABLE_OBJC_ARC = YES;
				CLANG_ENABLE_OBJC_WEAK = YES;
				CLANG_WARN_BLOCK_CAPTURE_AUTORELEASING = YES;
				CLANG_WARN_BOOL_CONVERSION = YES;
				CLANG_WARN_COMMA = YES;
				CLANG_WARN_CONSTANT_CONVERSION = YES;
				CLANG_WARN_DEPRECATED_OBJC_IMPLEMENTATIONS = YES;
				CLANG_WARN_DIRECT_OBJC_ISA_USAGE = YES_ERROR;
				CLANG_WARN_DOCUMENTATION_COMMENTS = YES;
				CLANG_WARN_EMPTY_BODY = YES;
				CLANG_WARN_ENUM_CONVERSION = YES;
				CLANG_WARN_INFINITE_RECURSION = YES;
				CLANG_WARN_INT_CONVERSION = YES;
				CLANG_WARN_NON_LITERAL_NULL_CONVERSION = YES;
				CLANG_WARN_OBJC_IMPLICIT_RETAIN_SELF = YES;
				CLANG_WARN_OBJC_LITERAL_CONVERSION = YES;
				CLANG_WARN_OBJC_ROOT_CLASS = YES_ERROR;
				CLANG_WARN_QUOTED_INCLUDE_IN_FRAMEWORK_HEADER = YES;
				CLANG_WARN_RANGE_LOOP_ANALYSIS = YES;
				CLANG_WARN_STRICT_PROTOTYPES = YES;
				CLANG_WARN_SUSPICIOUS_MOVE = YES;
				CLANG_WARN_UNGUARDED_AVAILABILITY = YES_AGGRESSIVE;
				CLANG_WARN_UNREACHABLE_CODE = YES;
				CLANG_WARN__DUPLICATE_METHOD_MATCH = YES;
				COPY_PHASE_STRIP = NO;
				DEBUG_INFORMATION_FORMAT = dwarf;
				ENABLE_STRICT_OBJC_MSGSEND = YES;
				ENABLE_TESTABILITY = YES;
				GCC_C_LANGUAGE_STANDARD = gnu11;
				GCC_DYNAMIC_NO_PIC = NO;
				GCC_NO_COMMON_BLOCKS = YES;
				GCC_OPTIMIZATION_LEVEL = 0;
				GCC_PREPROCESSOR_DEFINITIONS = (
					"DEBUG=1",
					"$(inherited)",
				);
				GCC_WARN_64_TO_32_BIT_CONVERSION = YES;
				GCC_WARN_ABOUT_RETURN_TYPE = YES_ERROR;
				GCC_WARN_UNDECLARED_SELECTOR = YES;
				GCC_WARN_UNINITIALIZED_AUTOS = YES_AGGRESSIVE;
				GCC_WARN_UNUSED_FUNCTION = YES;
				GCC_WARN_UNUSED_VARIABLE = YES;
				IPHONEOS_DEPLOYMENT_TARGET = 14.4;
				MTL_ENABLE_DEBUG_INFO = INCLUDE_SOURCE;
				MTL_FAST_MATH = YES;
				ONLY_ACTIVE_ARCH = YES;
				SDKROOT = iphoneos;
				SWIFT_ACTIVE_COMPILATION_CONDITIONS = DEBUG;
				SWIFT_OPTIMIZATION_LEVEL = "-Onone";
			};
			name = Debug;
		};
		4DF3878126032CF300040696 /* Release */ = {
			isa = XCBuildConfiguration;
			buildSettings = {
				ALWAYS_SEARCH_USER_PATHS = NO;
				CLANG_ANALYZER_NONNULL = YES;
				CLANG_ANALYZER_NUMBER_OBJECT_CONVERSION = YES_AGGRESSIVE;
				CLANG_CXX_LANGUAGE_STANDARD = "gnu++14";
				CLANG_CXX_LIBRARY = "libc++";
				CLANG_ENABLE_MODULES = YES;
				CLANG_ENABLE_OBJC_ARC = YES;
				CLANG_ENABLE_OBJC_WEAK = YES;
				CLANG_WARN_BLOCK_CAPTURE_AUTORELEASING = YES;
				CLANG_WARN_BOOL_CONVERSION = YES;
				CLANG_WARN_COMMA = YES;
				CLANG_WARN_CONSTANT_CONVERSION = YES;
				CLANG_WARN_DEPRECATED_OBJC_IMPLEMENTATIONS = YES;
				CLANG_WARN_DIRECT_OBJC_ISA_USAGE = YES_ERROR;
				CLANG_WARN_DOCUMENTATION_COMMENTS = YES;
				CLANG_WARN_EMPTY_BODY = YES;
				CLANG_WARN_ENUM_CONVERSION = YES;
				CLANG_WARN_INFINITE_RECURSION = YES;
				CLANG_WARN_INT_CONVERSION = YES;
				CLANG_WARN_NON_LITERAL_NULL_CONVERSION = YES;
				CLANG_WARN_OBJC_IMPLICIT_RETAIN_SELF = YES;
				CLANG_WARN_OBJC_LITERAL_CONVERSION = YES;
				CLANG_WARN_OBJC_ROOT_CLASS = YES_ERROR;
				CLANG_WARN_QUOTED_INCLUDE_IN_FRAMEWORK_HEADER = YES;
				CLANG_WARN_RANGE_LOOP_ANALYSIS = YES;
				CLANG_WARN_STRICT_PROTOTYPES = YES;
				CLANG_WARN_SUSPICIOUS_MOVE = YES;
				CLANG_WARN_UNGUARDED_AVAILABILITY = YES_AGGRESSIVE;
				CLANG_WARN_UNREACHABLE_CODE = YES;
				CLANG_WARN__DUPLICATE_METHOD_MATCH = YES;
				COPY_PHASE_STRIP = NO;
				DEBUG_INFORMATION_FORMAT = "dwarf-with-dsym";
				ENABLE_NS_ASSERTIONS = NO;
				ENABLE_STRICT_OBJC_MSGSEND = YES;
				GCC_C_LANGUAGE_STANDARD = gnu11;
				GCC_NO_COMMON_BLOCKS = YES;
				GCC_WARN_64_TO_32_BIT_CONVERSION = YES;
				GCC_WARN_ABOUT_RETURN_TYPE = YES_ERROR;
				GCC_WARN_UNDECLARED_SELECTOR = YES;
				GCC_WARN_UNINITIALIZED_AUTOS = YES_AGGRESSIVE;
				GCC_WARN_UNUSED_FUNCTION = YES;
				GCC_WARN_UNUSED_VARIABLE = YES;
				IPHONEOS_DEPLOYMENT_TARGET = 14.4;
				MTL_ENABLE_DEBUG_INFO = NO;
				MTL_FAST_MATH = YES;
				SDKROOT = iphoneos;
				SWIFT_COMPILATION_MODE = wholemodule;
				SWIFT_OPTIMIZATION_LEVEL = "-O";
				VALIDATE_PRODUCT = YES;
			};
			name = Release;
		};
		4DF3878326032CF300040696 /* Debug */ = {
			isa = XCBuildConfiguration;
			baseConfigurationReference = 9E67501681411BFDFA0E582C /* Pods-Face Book login.debug.xcconfig */;
			buildSettings = {
				ASSETCATALOG_COMPILER_APPICON_NAME = AppIcon;
				ASSETCATALOG_COMPILER_GLOBAL_ACCENT_COLOR_NAME = AccentColor;
				CODE_SIGN_STYLE = Automatic;
				DEVELOPMENT_ASSET_PATHS = "\"Face Book login/Preview Content\"";
				DEVELOPMENT_TEAM = GQ6RNQG8PA;
				ENABLE_PREVIEWS = YES;
				INFOPLIST_FILE = "Face Book login/Info.plist";
				LD_RUNPATH_SEARCH_PATHS = (
					"$(inherited)",
					"@executable_path/Frameworks",
				);
				PRODUCT_BUNDLE_IDENTIFIER = "facebook.Face-Book-login";
				PRODUCT_NAME = "$(TARGET_NAME)";
				SWIFT_VERSION = 5.0;
				TARGETED_DEVICE_FAMILY = "1,2";
			};
			name = Debug;
		};
		4DF3878426032CF300040696 /* Release */ = {
			isa = XCBuildConfiguration;
			baseConfigurationReference = 10222D27322BFD44571E64DE /* Pods-Face Book login.release.xcconfig */;
			buildSettings = {
				ASSETCATALOG_COMPILER_APPICON_NAME = AppIcon;
				ASSETCATALOG_COMPILER_GLOBAL_ACCENT_COLOR_NAME = AccentColor;
				CODE_SIGN_STYLE = Automatic;
				DEVELOPMENT_ASSET_PATHS = "\"Face Book login/Preview Content\"";
				DEVELOPMENT_TEAM = GQ6RNQG8PA;
				ENABLE_PREVIEWS = YES;
				INFOPLIST_FILE = "Face Book login/Info.plist";
				LD_RUNPATH_SEARCH_PATHS = (
					"$(inherited)",
					"@executable_path/Frameworks",
				);
				PRODUCT_BUNDLE_IDENTIFIER = "facebook.Face-Book-login";
				PRODUCT_NAME = "$(TARGET_NAME)";
				SWIFT_VERSION = 5.0;
				TARGETED_DEVICE_FAMILY = "1,2";
			};
			name = Release;
		};
/* End XCBuildConfiguration section */

/* Begin XCConfigurationList section */
		4DF3876926032CEC00040696 /* Build configuration list for PBXProject "Face Book login" */ = {
			isa = XCConfigurationList;
			buildConfigurations = (
				4DF3878026032CF300040696 /* Debug */,
				4DF3878126032CF300040696 /* Release */,
			);
			defaultConfigurationIsVisible = 0;
			defaultConfigurationName = Release;
		};
		4DF3878226032CF300040696 /* Build configuration list for PBXNativeTarget "Face Book login" */ = {
			isa = XCConfigurationList;
			buildConfigurations = (
				4DF3878326032CF300040696 /* Debug */,
				4DF3878426032CF300040696 /* Release */,
			);
			defaultConfigurationIsVisible = 0;
			defaultConfigurationName = Release;
		};
/* End XCConfigurationList section */
	};
	rootObject = 4DF3876626032CEC00040696 /* Project object */;
}
